{
  "name": "mbot-js",
  "version": "1.0.0",
  "lockfileVersion": 3,
  "requires": true,
  "packages": {
    "": {
      "name": "mbot-js",
      "version": "1.0.0",
      "license": "MIT",
      "dependencies": {
        "mbot-js": "^1.0.0"
      }
    },
    "node_modules/mbot-js": {
      "version": "1.0.0",
      "resolved": "https://registry.npmjs.org/mbot-js/-/mbot-js-1.0.0.tgz",
      "integrity": "sha512-3IQQK0gtVAtQJbsgJeBogzhqCjD77SmQz/zKKhXsoEV4BHh3zcT/eZG1Nr1TSkQwwak6eoligxN+BL8lz25KfA==",
      "license": "MIT"
    }
  }
}
